# Dependency lock for Stage 4 (third-party pins). This is not a machine-specific environment inventory.
# Install: python3.12 -m venv .venv && .venv/bin/python -m pip install -r requirements.lock && .venv/bin/python -m pip install -e ".[dev]"
# Updated 2026-09-19 for Stage 4 (NumPy/SciPy free/open-source MILP + vectorised enumeration).
annotated-types==0.8.0
iniconfig==2.3.0
numpy==2.5.3
packaging==26.3
pluggy==1.6.0
pydantic==2.13.5
pydantic_core==2.46.5
Pygments==2.21.0
pytest==8.4.2
PyYAML==6.0.3
scipy==1.18.1
typing-inspection==0.4.4
typing_extensions==4.16.0
